
Microsoft Visual Studio Solution File, Format Version 12.00
# Visual Studio Version 16
VisualStudioVersion = 16.0.34301.259
MinimumVisualStudioVersion = 10.0.40219.1
Project("{FAE04EC0-301F-11D3-BF4B-00C04F79EFBC}") = "PetShop", "PetShop\PetShop.csproj", "{7FFFF5B0-7D25-4D05-B904-8C1D7ECAB5FE}"
EndProject
Global
	GlobalSection(SolutionConfigurationPlatforms) = preSolution
		Debug|Any CPU = Debug|Any CPU
		Release|Any CPU = Release|Any CPU
	EndGlobalSection
	GlobalSection(ProjectConfigurationPlatforms) = postSolution
		{7FFFF5B0-7D25-4D05-B904-8C1D7ECAB5FE}.Debug|Any CPU.ActiveCfg = Debug|Any CPU
		{7FFFF5B0-7D25-4D05-B904-8C1D7ECAB5FE}.Debug|Any CPU.Build.0 = Debug|Any CPU
		{7FFFF5B0-7D25-4D05-B904-8C1D7ECAB5FE}.Release|Any CPU.ActiveCfg = Release|Any CPU
		{7FFFF5B0-7D25-4D05-B904-8C1D7ECAB5FE}.Release|Any CPU.Build.0 = Release|Any CPU
	EndGlobalSection
	GlobalSection(SolutionProperties) = preSolution
		HideSolutionNode = FALSE
	EndGlobalSection
	GlobalSection(ExtensibilityGlobals) = postSolution
		SolutionGuid = {F32A8AB4-81E2-4910-94A3-5B79B3C8999B}
	EndGlobalSection
EndGlobal
